
Microsoft Visual Studio Solution File, Format Version 12.00
# Visual Studio Version 17
VisualStudioVersion = 17.0.32112.339
MinimumVisualStudioVersion = 10.0.40219.1
Project("{2150E333-8FDC-42A3-9474-1A3956D46DE8}") = "1.Model", "1.Model", "{7481C918-6A87-4549-905C-36CFA4A5AC1B}"
EndProject
Project("{2150E333-8FDC-42A3-9474-1A3956D46DE8}") = "2.DataAccess", "2.DataAccess", "{62091803-8335-4108-A412-970CB18EA99C}"
EndProject
Project("{2150E333-8FDC-42A3-9474-1A3956D46DE8}") = "3.Bussines", "3.Bussines", "{43C35BC0-6DB2-4CEC-B652-5EE0C4BD6D82}"
EndProject
Project("{2150E333-8FDC-42A3-9474-1A3956D46DE8}") = "4.Services", "4.Services", "{409E758D-1D24-4BBC-A7FF-7E7E366464DD}"
EndProject
Project("{2150E333-8FDC-42A3-9474-1A3956D46DE8}") = "5.Transversal", "5.Transversal", "{EAE8AD9C-BAF3-49A7-AA50-5CD7E4E7A3A8}"
EndProject
Project("{2150E333-8FDC-42A3-9474-1A3956D46DE8}") = "6.Test", "6.Test", "{1BC8A313-8985-4FC1-97D0-E93C68246DC7}"
EndProject
Project("{9A19103F-16F7-4668-BE54-9A1E7A4F7556}") = "ModelBD", "ModelBD\ModelBD.csproj", "{769173AA-AAAF-4AEB-BED2-A5D7D9AF222B}"
EndProject
Project("{9A19103F-16F7-4668-BE54-9A1E7A4F7556}") = "DataAccesBD", "DataAccesBD\DataAccesBD.csproj", "{66478F26-79A6-4867-B05F-F8820B179738}"
EndProject
Project("{9A19103F-16F7-4668-BE54-9A1E7A4F7556}") = "BussinesApp", "BussinesApp\BussinesApp.csproj", "{8C551E6F-C4E4-4433-B39D-3E813F3A07DA}"
	ProjectSection(ProjectDependencies) = postProject
		{8043AA06-A0E9-47CE-B774-0A81B870F80C} = {8043AA06-A0E9-47CE-B774-0A81B870F80C}
		{66478F26-79A6-4867-B05F-F8820B179738} = {66478F26-79A6-4867-B05F-F8820B179738}
	EndProjectSection
EndProject
Project("{9A19103F-16F7-4668-BE54-9A1E7A4F7556}") = "ServicesMardisBank", "ServicesMardisBank\ServicesMardisBank.csproj", "{72C4CE04-A430-40F3-A060-1CD2AA8CD1BE}"
	ProjectSection(ProjectDependencies) = postProject
		{8043AA06-A0E9-47CE-B774-0A81B870F80C} = {8043AA06-A0E9-47CE-B774-0A81B870F80C}
		{8C551E6F-C4E4-4433-B39D-3E813F3A07DA} = {8C551E6F-C4E4-4433-B39D-3E813F3A07DA}
		{769173AA-AAAF-4AEB-BED2-A5D7D9AF222B} = {769173AA-AAAF-4AEB-BED2-A5D7D9AF222B}
	EndProjectSection
EndProject
Project("{FAE04EC0-301F-11D3-BF4B-00C04F79EFBC}") = "TransversalUtilities", "TransversalUtilities\TransversalUtilities.csproj", "{8043AA06-A0E9-47CE-B774-0A81B870F80C}"
EndProject
Global
	GlobalSection(SolutionConfigurationPlatforms) = preSolution
		Debug|Any CPU = Debug|Any CPU
		Release|Any CPU = Release|Any CPU
	EndGlobalSection
	GlobalSection(ProjectConfigurationPlatforms) = postSolution
		{769173AA-AAAF-4AEB-BED2-A5D7D9AF222B}.Debug|Any CPU.ActiveCfg = Debug|Any CPU
		{769173AA-AAAF-4AEB-BED2-A5D7D9AF222B}.Debug|Any CPU.Build.0 = Debug|Any CPU
		{769173AA-AAAF-4AEB-BED2-A5D7D9AF222B}.Release|Any CPU.ActiveCfg = Release|Any CPU
		{769173AA-AAAF-4AEB-BED2-A5D7D9AF222B}.Release|Any CPU.Build.0 = Release|Any CPU
		{66478F26-79A6-4867-B05F-F8820B179738}.Debug|Any CPU.ActiveCfg = Debug|Any CPU
		{66478F26-79A6-4867-B05F-F8820B179738}.Debug|Any CPU.Build.0 = Debug|Any CPU
		{66478F26-79A6-4867-B05F-F8820B179738}.Release|Any CPU.ActiveCfg = Release|Any CPU
		{66478F26-79A6-4867-B05F-F8820B179738}.Release|Any CPU.Build.0 = Release|Any CPU
		{8C551E6F-C4E4-4433-B39D-3E813F3A07DA}.Debug|Any CPU.ActiveCfg = Debug|Any CPU
		{8C551E6F-C4E4-4433-B39D-3E813F3A07DA}.Debug|Any CPU.Build.0 = Debug|Any CPU
		{8C551E6F-C4E4-4433-B39D-3E813F3A07DA}.Release|Any CPU.ActiveCfg = Release|Any CPU
		{8C551E6F-C4E4-4433-B39D-3E813F3A07DA}.Release|Any CPU.Build.0 = Release|Any CPU
		{72C4CE04-A430-40F3-A060-1CD2AA8CD1BE}.Debug|Any CPU.ActiveCfg = Debug|Any CPU
		{72C4CE04-A430-40F3-A060-1CD2AA8CD1BE}.Debug|Any CPU.Build.0 = Debug|Any CPU
		{72C4CE04-A430-40F3-A060-1CD2AA8CD1BE}.Release|Any CPU.ActiveCfg = Release|Any CPU
		{72C4CE04-A430-40F3-A060-1CD2AA8CD1BE}.Release|Any CPU.Build.0 = Release|Any CPU
		{8043AA06-A0E9-47CE-B774-0A81B870F80C}.Debug|Any CPU.ActiveCfg = Debug|Any CPU
		{8043AA06-A0E9-47CE-B774-0A81B870F80C}.Debug|Any CPU.Build.0 = Debug|Any CPU
		{8043AA06-A0E9-47CE-B774-0A81B870F80C}.Release|Any CPU.ActiveCfg = Release|Any CPU
		{8043AA06-A0E9-47CE-B774-0A81B870F80C}.Release|Any CPU.Build.0 = Release|Any CPU
	EndGlobalSection
	GlobalSection(SolutionProperties) = preSolution
		HideSolutionNode = FALSE
	EndGlobalSection
	GlobalSection(NestedProjects) = preSolution
		{769173AA-AAAF-4AEB-BED2-A5D7D9AF222B} = {7481C918-6A87-4549-905C-36CFA4A5AC1B}
		{66478F26-79A6-4867-B05F-F8820B179738} = {62091803-8335-4108-A412-970CB18EA99C}
		{8C551E6F-C4E4-4433-B39D-3E813F3A07DA} = {43C35BC0-6DB2-4CEC-B652-5EE0C4BD6D82}
		{72C4CE04-A430-40F3-A060-1CD2AA8CD1BE} = {409E758D-1D24-4BBC-A7FF-7E7E366464DD}
		{8043AA06-A0E9-47CE-B774-0A81B870F80C} = {EAE8AD9C-BAF3-49A7-AA50-5CD7E4E7A3A8}
	EndGlobalSection
	GlobalSection(ExtensibilityGlobals) = postSolution
		SolutionGuid = {2B3559D6-F242-48FD-8C2D-9794CD821749}
	EndGlobalSection
EndGlobal
